
Microsoft Visual Studio Solution File, Format Version 12.00
# Visual Studio Version 16
VisualStudioVersion = 16.0.31515.178
MinimumVisualStudioVersion = 10.0.40219.1
Project("{2150E333-8FDC-42A3-9474-1A3956D46DE8}") = "01. Platform", "01. Platform", "{FBBDA8F0-23ED-4705-8740-A46F75221F18}"
EndProject
Project("{FAE04EC0-301F-11D3-BF4B-00C04F79EFBC}") = "Glazer.Nodes", "src\Glazer.Nodes\Glazer.Nodes.csproj", "{18C55B3F-42FB-46B3-AF8C-DA9CD693CB67}"
EndProject
Global
	GlobalSection(SolutionConfigurationPlatforms) = preSolution
		Debug|Any CPU = Debug|Any CPU
		Release|Any CPU = Release|Any CPU
	EndGlobalSection
	GlobalSection(ProjectConfigurationPlatforms) = postSolution
		{18C55B3F-42FB-46B3-AF8C-DA9CD693CB67}.Debug|Any CPU.ActiveCfg = Debug|Any CPU
		{18C55B3F-42FB-46B3-AF8C-DA9CD693CB67}.Debug|Any CPU.Build.0 = Debug|Any CPU
		{18C55B3F-42FB-46B3-AF8C-DA9CD693CB67}.Release|Any CPU.ActiveCfg = Release|Any CPU
		{18C55B3F-42FB-46B3-AF8C-DA9CD693CB67}.Release|Any CPU.Build.0 = Release|Any CPU
	EndGlobalSection
	GlobalSection(SolutionProperties) = preSolution
		HideSolutionNode = FALSE
	EndGlobalSection
	GlobalSection(NestedProjects) = preSolution
		{18C55B3F-42FB-46B3-AF8C-DA9CD693CB67} = {FBBDA8F0-23ED-4705-8740-A46F75221F18}
	EndGlobalSection
	GlobalSection(ExtensibilityGlobals) = postSolution
		SolutionGuid = {0EEE934C-CAC9-4DFE-996F-B71C95FE7A38}
	EndGlobalSection
EndGlobal
